// !$*UTF8*$!
{
	archiveVersion = 1;
	classes = {
	};
	objectVersion = 46;
	objects = {

/* Begin PBXBuildFile section */
		CF4A8E0C1D11DA6800017D21 /* AppDelegate.swift in Sources */ = {isa = PBXBuildFile; fileRef = CF4A8E0B1D11DA6800017D21 /* AppDelegate.swift */; };
		CF4A8E0E1D11DA6800017D21 /* ViewController.swift in Sources */ = {isa = PBXBuildFile; fileRef = CF4A8E0D1D11DA6800017D21 /* ViewController.swift */; };
		CF4A8E111D11DA6800017D21 /* Main.storyboard in Resources */ = {isa = PBXBuildFile; fileRef = CF4A8E0F1D11DA6800017D21 /* Main.storyboard */; };
		CF4A8E131D11DA6800017D21 /* Assets.xcassets in Resources */ = {isa = PBXBuildFile; fileRef = CF4A8E121D11DA6800017D21 /* Assets.xcassets */; };
		CF4A8E161D11DA6800017D21 /* LaunchScreen.storyboard in Resources */ = {isa = PBXBuildFile; fileRef = CF4A8E141D11DA6800017D21 /* LaunchScreen.storyboard */; };
/* End PBXBuildFile section */

/* Begin PBXFileReference section */
		CF4A8E081D11DA6800017D21 /* Table View Demo.app */ = {isa = PBXFileReference; explicitFileType = wrapper.application; includeInIndex = 0; path = "Table View Demo.app"; sourceTree = BUILT_PRODUCTS_DIR; };
		CF4A8E0B1D11DA6800017D21 /* AppDelegate.swift */ = {isa = PBXFileReference; lastKnownFileType = sourcecode.swift; path = AppDelegate.swift; sourceTree = "<group>"; };
		CF4A8E0D1D11DA6800017D21 /* ViewController.swift */ = {isa = PBXFileReference; lastKnownFileType = sourcecode.swift; path = ViewController.swift; sourceTree = "<group>"; };
		CF4A8E101D11DA6800017D21 /* Base */ = {isa = PBXFileReference; lastKnownFileType = file.storyboard; name = Base; path = Base.lproj/Main.storyboard; sourceTree = "<group>"; };
		CF4A8E121D11DA6800017D21 /* Assets.xcassets */ = {isa = PBXFileReference; lastKnownFileType = folder.assetcatalog; path = Assets.xcassets; sourceTree = "<group>"; };
		CF4A8E151D11DA6800017D21 /* Base */ = {isa = PBXFileReference; lastKnownFileType = file.storyboard; name = Base; path = Base.lproj/LaunchScreen.storyboard; sourceTree = "<group>"; };
		CF4A8E171D11DA6800017D21 /* Info.plist */ = {isa = PBXFileReference; lastKnownFileType = text.plist.xml; path = Info.plist; sourceTree = "<group>"; };
/* End PBXFileReference section */

/* Begin PBXFrameworksBuildPhase section */
		CF4A8E051D11DA6800017D21 /* Frameworks */ = {
			isa = PBXFrameworksBuildPhase;
			buildActionMask = 2147483647;
			files = (
			);
			runOnlyForDeploymentPostprocessing = 0;
		};
/* End PBXFrameworksBuildPhase section */

/* Begin PBXGroup section */
		CF4A8DFF1D11DA6800017D21 = {
			isa = PBXGroup;
			children = (
				CF4A8E0A1D11DA6800017D21 /* Table View Demo */,
				CF4A8E091D11DA6800017D21 /* Products */,
			);
			sourceTree = "<group>";
		};
		CF4A8E091D11DA6800017D21 /* Products */ = {
			isa = PBXGroup;
			children = (
				CF4A8E081D11DA6800017D21 /* Table View Demo.app */,
			);
			name = Products;
			sourceTree = "<group>";
		};
		CF4A8E0A1D11DA6800017D21 /* Table View Demo */ = {
			isa = PBXGroup;
			children = (
				CF4A8E0B1D11DA6800017D21 /* AppDelegate.swift */,
				CF4A8E0D1D11DA6800017D21 /* ViewController.swift */,
				CF4A8E0F1D11DA6800017D21 /* Main.storyboard */,
				CF4A8E121D11DA6800017D21 /* Assets.xcassets */,
				CF4A8E141D11DA6800017D21 /* LaunchScreen.storyboard */,
				CF4A8E171D11DA6800017D21 /* Info.plist */,
			);
			path = "Table View Demo";
			sourceTree = "<group>";
		};
/* End PBXGroup section */

/* Begin PBXNativeTarget section */
		CF4A8E071D11DA6800017D21 /* Table View Demo */ = {
			isa = PBXNativeTarget;
			buildConfigurationList = CF4A8E1A1D11DA6800017D21 /* Build configuration list for PBXNativeTarget "Table View Demo" */;
			buildPhases = (
				CF4A8E041D11DA6800017D21 /* Sources */,
				CF4A8E051D11DA6800017D21 /* Frameworks */,
				CF4A8E061D11DA6800017D21 /* Resources */,
			);
			buildRules = (
			);
			dependencies = (
			);
			name = "Table View Demo";
			productName = "Table View Demo";
			productReference = CF4A8E081D11DA6800017D21 /* Table View Demo.app */;
			productType = "com.apple.product-type.application";
		};
/* End PBXNativeTarget section */

/* Begin PBXProject section */
		CF4A8E001D11DA6800017D21 /* Project object */ = {
			isa = PBXProject;
			attributes = {
				LastSwiftUpdateCheck = 0730;
				LastUpgradeCheck = 0730;
				ORGANIZATIONNAME = "Alexander Strandberg";
				TargetAttributes = {
					CF4A8E071D11DA6800017D21 = {
						CreatedOnToolsVersion = 7.3.1;
					};
				};
			};
			buildConfigurationList = CF4A8E031D11DA6800017D21 /* Build configuration list for PBXProject "Table View Demo" */;
			compatibilityVersion = "Xcode 3.2";
			developmentRegion = English;
			hasScannedForEncodings = 0;
			knownRegions = (
				en,
				Base,
			);
			mainGroup = CF4A8DFF1D11DA6800017D21;
			productRefGroup = CF4A8E091D11DA6800017D21 /* Products */;
			projectDirPath = "";
			projectRoot = "";
			targets = (
				CF4A8E071D11DA6800017D21 /* Table View Demo */,
			);
		};
/* End PBXProject section */

/* Begin PBXResourcesBuildPhase section */
		CF4A8E061D11DA6800017D21 /* Resources */ = {
			isa = PBXResourcesBuildPhase;
			buildActionMask = 2147483647;
			files = (
				CF4A8E161D11DA6800017D21 /* LaunchScreen.storyboard in Resources */,
				CF4A8E131D11DA6800017D21 /* Assets.xcassets in Resources */,
				CF4A8E111D11DA6800017D21 /* Main.storyboard in Resources */,
			);
			runOnlyForDeploymentPostprocessing = 0;
		};
/* End PBXResourcesBuildPhase section */

/* Begin PBXSourcesBuildPhase section */
		CF4A8E041D11DA6800017D21 /* Sources */ = {
			isa = PBXSourcesBuildPhase;
			buildActionMask = 2147483647;
			files = (
				CF4A8E0E1D11DA6800017D21 /* ViewController.swift in Sources */,
				CF4A8E0C1D11DA6800017D21 /* AppDelegate.swift in Sources */,
			);
			runOnlyForDeploymentPostprocessing = 0;
		};
/* End PBXSourcesBuildPhase section */

/* Begin PBXVariantGroup section */
		CF4A8E0F1D11DA6800017D21 /* Main.storyboard */ = {
			isa = PBXVariantGroup;
			children = (
				CF4A8E101D11DA6800017D21 /* Base */,
			);
			name = Main.storyboard;
			sourceTree = "<group>";
		};
		CF4A8E141D11DA6800017D21 /* LaunchScreen.storyboard */ = {
			isa = PBXVariantGroup;
			children = (
				CF4A8E151D11DA6800017D21 /* Base */,
			);
			name = LaunchScreen.storyboard;
			sourceTree = "<group>";
		};
/* End PBXVariantGroup section */

/* Begin XCBuildConfiguration section */
		CF4A8E181D11DA6800017D21 /* Debug */ = {
			isa = XCBuildConfiguration;
			buildSettings = {
				ALWAYS_SEARCH_USER_PATHS = NO;
				CLANG_ANALYZER_NONNULL = YES;
				CLANG_CXX_LANGUAGE_STANDARD = "gnu++0x";
				CLANG_CXX_LIBRARY = "libc++";
				CLANG_ENABLE_MODULES = YES;
				CLANG_ENABLE_OBJC_ARC = YES;
				CLANG_WARN_BOOL_CONVERSION = YES;
				CLANG_WARN_CONSTANT_CONVERSION = YES;
				CLANG_WARN_DIRECT_OBJC_ISA_USAGE = YES_ERROR;
				CLANG_WARN_EMPTY_BODY = YES;
				CLANG_WARN_ENUM_CONVERSION = YES;
				CLANG_WARN_INT_CONVERSION = YES;
				CLANG_WARN_OBJC_ROOT_CLASS = YES_ERROR;
				CLANG_WARN_UNREACHABLE_CODE = YES;
				CLANG_WARN__DUPLICATE_METHOD_MATCH = YES;
				"CODE_SIGN_IDENTITY[sdk=iphoneos*]" = "iPhone Developer";
				COPY_PHASE_STRIP = NO;
				DEBUG_INFORMATION_FORMAT = dwarf;
				ENABLE_STRICT_OBJC_MSGSEND = YES;
				ENABLE_TESTABILITY = YES;
				GCC_C_LANGUAGE_STANDARD = gnu99;
				GCC_DYNAMIC_NO_PIC = NO;
				GCC_NO_COMMON_BLOCKS = YES;
				GCC_OPTIMIZATION_LEVEL = 0;
				GCC_PREPROCESSOR_DEFINITIONS = (
					"DEBUG=1",
					"$(inherited)",
				);
				GCC_WARN_64_TO_32_BIT_CONVERSION = YES;
				GCC_WARN_ABOUT_RETURN_TYPE = YES_ERROR;
				GCC_WARN_UNDECLARED_SELECTOR = YES;
				GCC_WARN_UNINITIALIZED_AUTOS = YES_AGGRESSIVE;
				GCC_WARN_UNUSED_FUNCTION = YES;
				GCC_WARN_UNUSED_VARIABLE = YES;
				IPHONEOS_DEPLOYMENT_TARGET = 9.3;
				MTL_ENABLE_DEBUG_INFO = YES;
				ONLY_ACTIVE_ARCH = YES;
				SDKROOT = iphoneos;
				SWIFT_OPTIMIZATION_LEVEL = "-Onone";
			};
			name = Debug;
		};
		CF4A8E191D11DA6800017D21 /* Release */ = {
			isa = XCBuildConfiguration;
			buildSettings = {
				ALWAYS_SEARCH_USER_PATHS = NO;
				CLANG_ANALYZER_NONNULL = YES;
				CLANG_CXX_LANGUAGE_STANDARD = "gnu++0x";
				CLANG_CXX_LIBRARY = "libc++";
				CLANG_ENABLE_MODULES = YES;
				CLANG_ENABLE_OBJC_ARC = YES;
				CLANG_WARN_BOOL_CONVERSION = YES;
				CLANG_WARN_CONSTANT_CONVERSION = YES;
				CLANG_WARN_DIRECT_OBJC_ISA_USAGE = YES_ERROR;
				CLANG_WARN_EMPTY_BODY = YES;
				CLANG_WARN_ENUM_CONVERSION = YES;
				CLANG_WARN_INT_CONVERSION = YES;
				CLANG_WARN_OBJC_ROOT_CLASS = YES_ERROR;
				CLANG_WARN_UNREACHABLE_CODE = YES;
				CLANG_WARN__DUPLICATE_METHOD_MATCH = YES;
				"CODE_SIGN_IDENTITY[sdk=iphoneos*]" = "iPhone Developer";
				COPY_PHASE_STRIP = NO;
				DEBUG_INFORMATION_FORMAT = "dwarf-with-dsym";
				ENABLE_NS_ASSERTIONS = NO;
				ENABLE_STRICT_OBJC_MSGSEND = YES;
				GCC_C_LANGUAGE_STANDARD = gnu99;
				GCC_NO_COMMON_BLOCKS = YES;
				GCC_WARN_64_TO_32_BIT_CONVERSION = YES;
				GCC_WARN_ABOUT_RETURN_TYPE = YES_ERROR;
				GCC_WARN_UNDECLARED_SELECTOR = YES;
				GCC_WARN_UNINITIALIZED_AUTOS = YES_AGGRESSIVE;
				GCC_WARN_UNUSED_FUNCTION = YES;
				GCC_WARN_UNUSED_VARIABLE = YES;
				IPHONEOS_DEPLOYMENT_TARGET = 9.3;
				MTL_ENABLE_DEBUG_INFO = NO;
				SDKROOT = iphoneos;
				VALIDATE_PRODUCT = YES;
			};
			name = Release;
		};
		CF4A8E1B1D11DA6800017D21 /* Debug */ = {
			isa = XCBuildConfiguration;
			buildSettings = {
				ASSETCATALOG_COMPILER_APPICON_NAME = AppIcon;
				INFOPLIST_FILE = "Table View Demo/Info.plist";
				LD_RUNPATH_SEARCH_PATHS = "$(inherited) @executable_path/Frameworks";
				PRODUCT_BUNDLE_IDENTIFIER = "com.codepath.Table-View-Demo";
				PRODUCT_NAME = "$(TARGET_NAME)";
			};
			name = Debug;
		};
		CF4A8E1C1D11DA6800017D21 /* Release */ = {
			isa = XCBuildConfiguration;
			buildSettings = {
				ASSETCATALOG_COMPILER_APPICON_NAME = AppIcon;
				INFOPLIST_FILE = "Table View Demo/Info.plist";
				LD_RUNPATH_SEARCH_PATHS = "$(inherited) @executable_path/Frameworks";
				PRODUCT_BUNDLE_IDENTIFIER = "com.codepath.Table-View-Demo";
				PRODUCT_NAME = "$(TARGET_NAME)";
			};
			name = Release;
		};
/* End XCBuildConfiguration section */

/* Begin XCConfigurationList section */
		CF4A8E031D11DA6800017D21 /* Build configuration list for PBXProject "Table View Demo" */ = {
			isa = XCConfigurationList;
			buildConfigurations = (
				CF4A8E181D11DA6800017D21 /* Debug */,
				CF4A8E191D11DA6800017D21 /* Release */,
			);
			defaultConfigurationIsVisible = 0;
			defaultConfigurationName = Release;
		};
		CF4A8E1A1D11DA6800017D21 /* Build configuration list for PBXNativeTarget "Table View Demo" */ = {
			isa = XCConfigurationList;
			buildConfigurations = (
				CF4A8E1B1D11DA6800017D21 /* Debug */,
				CF4A8E1C1D11DA6800017D21 /* Release */,
			);
			defaultConfigurationIsVisible = 0;
		};
/* End XCConfigurationList section */
	};
	rootObject = CF4A8E001D11DA6800017D21 /* Project object */;
}
